
Microsoft Visual Studio Solution File, Format Version 12.00
# Visual Studio 15
VisualStudioVersion = 15.0.27130.2024
MinimumVisualStudioVersion = 10.0.40219.1
Project("{2150E333-8FDC-42A3-9474-1A3956D46DE8}") = "src", "src", "{2D285DE6-8FC0-4FB6-A438-EA2AD5FEA561}"
EndProject
Project("{2150E333-8FDC-42A3-9474-1A3956D46DE8}") = "Solution Items", "Solution Items", "{677097FA-DFF0-4DEF-BFF6-3D2EF8510769}"
	ProjectSection(SolutionItems) = preProject
		.gitignore = .gitignore
		appveyor.yml = appveyor.yml
		LICENSE = LICENSE
		README.md = README.md
	EndProjectSection
EndProject
Project("{2150E333-8FDC-42A3-9474-1A3956D46DE8}") = "build", "build", "{3E90692F-1C39-4244-88E3-EEA2B02FE7E7}"
	ProjectSection(SolutionItems) = preProject
		build\version.props = build\version.props
	EndProjectSection
EndProject
Project("{9A19103F-16F7-4668-BE54-9A1E7A4F7556}") = "GodSharp.Socket", "src\GodSharp.Socket\GodSharp.Socket.csproj", "{06BBFBF4-9958-42CB-9920-3CF516773368}"
EndProject
Global
	GlobalSection(SolutionConfigurationPlatforms) = preSolution
		Debug|Any CPU = Debug|Any CPU
		Release|Any CPU = Release|Any CPU
	EndGlobalSection
	GlobalSection(ProjectConfigurationPlatforms) = postSolution
		{06BBFBF4-9958-42CB-9920-3CF516773368}.Debug|Any CPU.ActiveCfg = Debug|Any CPU
		{06BBFBF4-9958-42CB-9920-3CF516773368}.Debug|Any CPU.Build.0 = Debug|Any CPU
		{06BBFBF4-9958-42CB-9920-3CF516773368}.Release|Any CPU.ActiveCfg = Release|Any CPU
		{06BBFBF4-9958-42CB-9920-3CF516773368}.Release|Any CPU.Build.0 = Release|Any CPU
	EndGlobalSection
	GlobalSection(SolutionProperties) = preSolution
		HideSolutionNode = FALSE
	EndGlobalSection
	GlobalSection(NestedProjects) = preSolution
		{06BBFBF4-9958-42CB-9920-3CF516773368} = {2D285DE6-8FC0-4FB6-A438-EA2AD5FEA561}
	EndGlobalSection
	GlobalSection(ExtensibilityGlobals) = postSolution
		SolutionGuid = {68DFC265-6267-4153-8375-A35F8E5CD820}
	EndGlobalSection
EndGlobal
